// !$*UTF8*$!
{
	archiveVersion = 1;
	classes = {
	};
	objectVersion = 46;
	objects = {

/* Begin PBXBuildFile section */
		04CA49911D63FDA0004C2D7B /* main.m in Sources */ = {isa = PBXBuildFile; fileRef = 04CA49901D63FDA0004C2D7B /* main.m */; };
		04CA499C1D63FDA1004C2D7B /* Assets.xcassets in Resources */ = {isa = PBXBuildFile; fileRef = 04CA499B1D63FDA1004C2D7B /* Assets.xcassets */; };
		04CA499F1D63FDA1004C2D7B /* LaunchScreen.storyboard in Resources */ = {isa = PBXBuildFile; fileRef = 04CA499D1D63FDA1004C2D7B /* LaunchScreen.storyboard */; };
		04CA49D71D645907004C2D7B /* SFBuyViewController.m in Sources */ = {isa = PBXBuildFile; fileRef = 04CA49B91D645907004C2D7B /* SFBuyViewController.m */; };
		04CA49D81D645907004C2D7B /* SFClassViewController.m in Sources */ = {isa = PBXBuildFile; fileRef = 04CA49BF1D645907004C2D7B /* SFClassViewController.m */; };
		04CA49DA1D645907004C2D7B /* SFMyViewController.m in Sources */ = {isa = PBXBuildFile; fileRef = 04CA49CB1D645907004C2D7B /* SFMyViewController.m */; };
		04CA49DB1D645907004C2D7B /* AppDelegate.m in Sources */ = {isa = PBXBuildFile; fileRef = 04CA49D01D645907004C2D7B /* AppDelegate.m */; };
		04CA49DC1D645907004C2D7B /* SFTimeViewController.m in Sources */ = {isa = PBXBuildFile; fileRef = 04CA49D41D645907004C2D7B /* SFTimeViewController.m */; };
		04CA49DF1D647F4B004C2D7B /* SFTabBarController.m in Sources */ = {isa = PBXBuildFile; fileRef = 04CA49DE1D647F4B004C2D7B /* SFTabBarController.m */; };
		04CA49E31D6486CE004C2D7B /* UIImage+SFImage.m in Sources */ = {isa = PBXBuildFile; fileRef = 04CA49E21D6486CE004C2D7B /* UIImage+SFImage.m */; };
		04CA49E61D648B2F004C2D7B /* SFNavViewController.m in Sources */ = {isa = PBXBuildFile; fileRef = 04CA49E51D648B2F004C2D7B /* SFNavViewController.m */; };
		04CA49E91D64AB2F004C2D7B /* SFMyTableViewCell.m in Sources */ = {isa = PBXBuildFile; fileRef = 04CA49E81D64AB2F004C2D7B /* SFMyTableViewCell.m */; };
		04CA49ED1D64BC0B004C2D7B /* SFMyMessageTablePlist.plist in Resources */ = {isa = PBXBuildFile; fileRef = 04CA49EC1D64BC0B004C2D7B /* SFMyMessageTablePlist.plist */; };
		04CA49F01D64BC2E004C2D7B /* SFMyMessage.m in Sources */ = {isa = PBXBuildFile; fileRef = 04CA49EF1D64BC2E004C2D7B /* SFMyMessage.m */; };
		04E738801D656308007B44A8 /* SFRegisterViewController.m in Sources */ = {isa = PBXBuildFile; fileRef = 04E7387F1D656308007B44A8 /* SFRegisterViewController.m */; };
		04E738891D65B8EB007B44A8 /* SFMyHeaderView.m in Sources */ = {isa = PBXBuildFile; fileRef = 04E738881D65B8EB007B44A8 /* SFMyHeaderView.m */; };
		04E7388C1D65BBE1007B44A8 /* SFMyTableView.m in Sources */ = {isa = PBXBuildFile; fileRef = 04E7388B1D65BBE1007B44A8 /* SFMyTableView.m */; };
		04E7388F1D65DB8B007B44A8 /* SFInputView.m in Sources */ = {isa = PBXBuildFile; fileRef = 04E7388E1D65DB8B007B44A8 /* SFInputView.m */; };
		04E738921D65EC2E007B44A8 /* SFThirdLoginView.m in Sources */ = {isa = PBXBuildFile; fileRef = 04E738911D65EC2E007B44A8 /* SFThirdLoginView.m */; };
		04E738951D66A045007B44A8 /* SFNextView.m in Sources */ = {isa = PBXBuildFile; fileRef = 04E738941D66A045007B44A8 /* SFNextView.m */; };
		04E738981D66A34E007B44A8 /* SFNextViewController.m in Sources */ = {isa = PBXBuildFile; fileRef = 04E738971D66A34E007B44A8 /* SFNextViewController.m */; };
		04E7389D1D6750AD007B44A8 /* SFHttpTools.m in Sources */ = {isa = PBXBuildFile; fileRef = 04E7389C1D6750AD007B44A8 /* SFHttpTools.m */; };
		04E738A11D675E95007B44A8 /* UIImageView+SFSDWebImage.m in Sources */ = {isa = PBXBuildFile; fileRef = 04E738A01D675E95007B44A8 /* UIImageView+SFSDWebImage.m */; };
		04E738A51D68026C007B44A8 /* UIView+Toast.m in Sources */ = {isa = PBXBuildFile; fileRef = 04E738A41D68026C007B44A8 /* UIView+Toast.m */; };
		1B380EF8BBFFA8B371458106 /* libPods-SFE.a in Frameworks */ = {isa = PBXBuildFile; fileRef = 15C360D450EA8ACE99010644 /* libPods-SFE.a */; };
/* End PBXBuildFile section */

/* Begin PBXFileReference section */
		04CA498C1D63FDA0004C2D7B /* SFE.app */ = {isa = PBXFileReference; explicitFileType = wrapper.application; includeInIndex = 0; path = SFE.app; sourceTree = BUILT_PRODUCTS_DIR; };
		04CA49901D63FDA0004C2D7B /* main.m */ = {isa = PBXFileReference; lastKnownFileType = sourcecode.c.objc; path = main.m; sourceTree = "<group>"; };
		04CA499B1D63FDA1004C2D7B /* Assets.xcassets */ = {isa = PBXFileReference; lastKnownFileType = folder.assetcatalog; path = Assets.xcassets; sourceTree = "<group>"; };
		04CA499E1D63FDA1004C2D7B /* Base */ = {isa = PBXFileReference; lastKnownFileType = file.storyboard; name = Base; path = Base.lproj/LaunchScreen.storyboard; sourceTree = "<group>"; };
		04CA49A01D63FDA1004C2D7B /* Info.plist */ = {isa = PBXFileReference; lastKnownFileType = text.plist.xml; path = Info.plist; sourceTree = "<group>"; };
		04CA49B81D645907004C2D7B /* SFBuyViewController.h */ = {isa = PBXFileReference; fileEncoding = 4; lastKnownFileType = sourcecode.c.h; path = SFBuyViewController.h; sourceTree = "<group>"; };
		04CA49B91D645907004C2D7B /* SFBuyViewController.m */ = {isa = PBXFileReference; fileEncoding = 4; lastKnownFileType = sourcecode.c.objc; path = SFBuyViewController.m; sourceTree = "<group>"; };
		04CA49BE1D645907004C2D7B /* SFClassViewController.h */ = {isa = PBXFileReference; fileEncoding = 4; lastKnownFileType = sourcecode.c.h; path = SFClassViewController.h; sourceTree = "<group>"; };
		04CA49BF1D645907004C2D7B /* SFClassViewController.m */ = {isa = PBXFileReference; fileEncoding = 4; lastKnownFileType = sourcecode.c.objc; path = SFClassViewController.m; sourceTree = "<group>"; };
		04CA49CA1D645907004C2D7B /* SFMyViewController.h */ = {isa = PBXFileReference; fileEncoding = 4; lastKnownFileType = sourcecode.c.h; path = SFMyViewController.h; sourceTree = "<group>"; };
		04CA49CB1D645907004C2D7B /* SFMyViewController.m */ = {isa = PBXFileReference; fileEncoding = 4; lastKnownFileType = sourcecode.c.objc; path = SFMyViewController.m; sourceTree = "<group>"; };
		04CA49CF1D645907004C2D7B /* AppDelegate.h */ = {isa = PBXFileReference; fileEncoding = 4; lastKnownFileType = sourcecode.c.h; path = AppDelegate.h; sourceTree = "<group>"; };
		04CA49D01D645907004C2D7B /* AppDelegate.m */ = {isa = PBXFileReference; fileEncoding = 4; lastKnownFileType = sourcecode.c.objc; path = AppDelegate.m; sourceTree = "<group>"; };
		04CA49D31D645907004C2D7B /* SFTimeViewController.h */ = {isa = PBXFileReference; fileEncoding = 4; lastKnownFileType = sourcecode.c.h; path = SFTimeViewController.h; sourceTree = "<group>"; };
		04CA49D41D645907004C2D7B /* SFTimeViewController.m */ = {isa = PBXFileReference; fileEncoding = 4; lastKnownFileType = sourcecode.c.objc; path = SFTimeViewController.m; sourceTree = "<group>"; };
		04CA49DD1D647F4B004C2D7B /* SFTabBarController.h */ = {isa = PBXFileReference; fileEncoding = 4; lastKnownFileType = sourcecode.c.h; path = SFTabBarController.h; sourceTree = "<group>"; };
		04CA49DE1D647F4B004C2D7B /* SFTabBarController.m */ = {isa = PBXFileReference; fileEncoding = 4; lastKnownFileType = sourcecode.c.objc; path = SFTabBarController.m; sourceTree = "<group>"; };
		04CA49E11D6486CE004C2D7B /* UIImage+SFImage.h */ = {isa = PBXFileReference; fileEncoding = 4; lastKnownFileType = sourcecode.c.h; path = "UIImage+SFImage.h"; sourceTree = "<group>"; };
		04CA49E21D6486CE004C2D7B /* UIImage+SFImage.m */ = {isa = PBXFileReference; fileEncoding = 4; lastKnownFileType = sourcecode.c.objc; path = "UIImage+SFImage.m"; sourceTree = "<group>"; };
		04CA49E41D648B2F004C2D7B /* SFNavViewController.h */ = {isa = PBXFileReference; fileEncoding = 4; lastKnownFileType = sourcecode.c.h; path = SFNavViewController.h; sourceTree = "<group>"; };
		04CA49E51D648B2F004C2D7B /* SFNavViewController.m */ = {isa = PBXFileReference; fileEncoding = 4; lastKnownFileType = sourcecode.c.objc; path = SFNavViewController.m; sourceTree = "<group>"; };
		04CA49E71D64AB2F004C2D7B /* SFMyTableViewCell.h */ = {isa = PBXFileReference; fileEncoding = 4; lastKnownFileType = sourcecode.c.h; path = SFMyTableViewCell.h; sourceTree = "<group>"; };
		04CA49E81D64AB2F004C2D7B /* SFMyTableViewCell.m */ = {isa = PBXFileReference; fileEncoding = 4; lastKnownFileType = sourcecode.c.objc; path = SFMyTableViewCell.m; sourceTree = "<group>"; };
		04CA49EC1D64BC0B004C2D7B /* SFMyMessageTablePlist.plist */ = {isa = PBXFileReference; fileEncoding = 4; lastKnownFileType = text.plist.xml; path = SFMyMessageTablePlist.plist; sourceTree = "<group>"; };
		04CA49EE1D64BC2E004C2D7B /* SFMyMessage.h */ = {isa = PBXFileReference; fileEncoding = 4; lastKnownFileType = sourcecode.c.h; path = SFMyMessage.h; sourceTree = "<group>"; };
		04CA49EF1D64BC2E004C2D7B /* SFMyMessage.m */ = {isa = PBXFileReference; fileEncoding = 4; lastKnownFileType = sourcecode.c.objc; path = SFMyMessage.m; sourceTree = "<group>"; };
		04CA49F11D6541F4004C2D7B /* SFE.pch */ = {isa = PBXFileReference; lastKnownFileType = sourcecode.c.h; path = SFE.pch; sourceTree = "<group>"; };
		04E7387E1D656308007B44A8 /* SFRegisterViewController.h */ = {isa = PBXFileReference; fileEncoding = 4; lastKnownFileType = sourcecode.c.h; path = SFRegisterViewController.h; sourceTree = "<group>"; };
		04E7387F1D656308007B44A8 /* SFRegisterViewController.m */ = {isa = PBXFileReference; fileEncoding = 4; lastKnownFileType = sourcecode.c.objc; path = SFRegisterViewController.m; sourceTree = "<group>"; };
		04E738871D65B8EB007B44A8 /* SFMyHeaderView.h */ = {isa = PBXFileReference; fileEncoding = 4; lastKnownFileType = sourcecode.c.h; path = SFMyHeaderView.h; sourceTree = "<group>"; };
		04E738881D65B8EB007B44A8 /* SFMyHeaderView.m */ = {isa = PBXFileReference; fileEncoding = 4; lastKnownFileType = sourcecode.c.objc; path = SFMyHeaderView.m; sourceTree = "<group>"; };
		04E7388A1D65BBE1007B44A8 /* SFMyTableView.h */ = {isa = PBXFileReference; fileEncoding = 4; lastKnownFileType = sourcecode.c.h; path = SFMyTableView.h; sourceTree = "<group>"; };
		04E7388B1D65BBE1007B44A8 /* SFMyTableView.m */ = {isa = PBXFileReference; fileEncoding = 4; lastKnownFileType = sourcecode.c.objc; path = SFMyTableView.m; sourceTree = "<group>"; };
		04E7388D1D65DB8B007B44A8 /* SFInputView.h */ = {isa = PBXFileReference; fileEncoding = 4; lastKnownFileType = sourcecode.c.h; path = SFInputView.h; sourceTree = "<group>"; };
		04E7388E1D65DB8B007B44A8 /* SFInputView.m */ = {isa = PBXFileReference; fileEncoding = 4; lastKnownFileType = sourcecode.c.objc; path = SFInputView.m; sourceTree = "<group>"; };
		04E738901D65EC2E007B44A8 /* SFThirdLoginView.h */ = {isa = PBXFileReference; fileEncoding = 4; lastKnownFileType = sourcecode.c.h; path = SFThirdLoginView.h; sourceTree = "<group>"; };
		04E738911D65EC2E007B44A8 /* SFThirdLoginView.m */ = {isa = PBXFileReference; fileEncoding = 4; lastKnownFileType = sourcecode.c.objc; path = SFThirdLoginView.m; sourceTree = "<group>"; };
		04E738931D66A045007B44A8 /* SFNextView.h */ = {isa = PBXFileReference; fileEncoding = 4; lastKnownFileType = sourcecode.c.h; path = SFNextView.h; sourceTree = "<group>"; };
		04E738941D66A045007B44A8 /* SFNextView.m */ = {isa = PBXFileReference; fileEncoding = 4; lastKnownFileType = sourcecode.c.objc; path = SFNextView.m; sourceTree = "<group>"; };
		04E738961D66A34E007B44A8 /* SFNextViewController.h */ = {isa = PBXFileReference; fileEncoding = 4; lastKnownFileType = sourcecode.c.h; path = SFNextViewController.h; sourceTree = "<group>"; };
		04E738971D66A34E007B44A8 /* SFNextViewController.m */ = {isa = PBXFileReference; fileEncoding = 4; lastKnownFileType = sourcecode.c.objc; path = SFNextViewController.m; sourceTree = "<group>"; };
		04E7389B1D6750AD007B44A8 /* SFHttpTools.h */ = {isa = PBXFileReference; fileEncoding = 4; lastKnownFileType = sourcecode.c.h; path = SFHttpTools.h; sourceTree = "<group>"; };
		04E7389C1D6750AD007B44A8 /* SFHttpTools.m */ = {isa = PBXFileReference; fileEncoding = 4; lastKnownFileType = sourcecode.c.objc; path = SFHttpTools.m; sourceTree = "<group>"; };
		04E7389F1D675E95007B44A8 /* UIImageView+SFSDWebImage.h */ = {isa = PBXFileReference; fileEncoding = 4; lastKnownFileType = sourcecode.c.h; path = "UIImageView+SFSDWebImage.h"; sourceTree = "<group>"; };
		04E738A01D675E95007B44A8 /* UIImageView+SFSDWebImage.m */ = {isa = PBXFileReference; fileEncoding = 4; lastKnownFileType = sourcecode.c.objc; path = "UIImageView+SFSDWebImage.m"; sourceTree = "<group>"; };
		04E738A31D68026C007B44A8 /* UIView+Toast.h */ = {isa = PBXFileReference; fileEncoding = 4; lastKnownFileType = sourcecode.c.h; path = "UIView+Toast.h"; sourceTree = "<group>"; };
		04E738A41D68026C007B44A8 /* UIView+Toast.m */ = {isa = PBXFileReference; fileEncoding = 4; lastKnownFileType = sourcecode.c.objc; path = "UIView+Toast.m"; sourceTree = "<group>"; };
		11C72C6E2E6BCD3BFB13C672 /* Pods-SFE.debug.xcconfig */ = {isa = PBXFileReference; includeInIndex = 1; lastKnownFileType = text.xcconfig; name = "Pods-SFE.debug.xcconfig"; path = "Pods/Target Support Files/Pods-SFE/Pods-SFE.debug.xcconfig"; sourceTree = "<group>"; };
		15C360D450EA8ACE99010644 /* libPods-SFE.a */ = {isa = PBXFileReference; explicitFileType = archive.ar; includeInIndex = 0; path = "libPods-SFE.a"; sourceTree = BUILT_PRODUCTS_DIR; };
		B710F88F05F440985EC7CFC1 /* Pods-SFE.release.xcconfig */ = {isa = PBXFileReference; includeInIndex = 1; lastKnownFileType = text.xcconfig; name = "Pods-SFE.release.xcconfig"; path = "Pods/Target Support Files/Pods-SFE/Pods-SFE.release.xcconfig"; sourceTree = "<group>"; };
/* End PBXFileReference section */

/* Begin PBXFrameworksBuildPhase section */
		04CA49891D63FDA0004C2D7B /* Frameworks */ = {
			isa = PBXFrameworksBuildPhase;
			buildActionMask = 2147483647;
			files = (
				1B380EF8BBFFA8B371458106 /* libPods-SFE.a in Frameworks */,
			);
			runOnlyForDeploymentPostprocessing = 0;
		};
/* End PBXFrameworksBuildPhase section */

/* Begin PBXGroup section */
		04CA49831D63FDA0004C2D7B = {
			isa = PBXGroup;
			children = (
				04CA498E1D63FDA0004C2D7B /* SFE */,
				04CA498D1D63FDA0004C2D7B /* Products */,
				A3C6971BA9106236444115B9 /* Pods */,
				24F10D12B1BCFA804FFE726C /* Frameworks */,
			);
			sourceTree = "<group>";
		};
		04CA498D1D63FDA0004C2D7B /* Products */ = {
			isa = PBXGroup;
			children = (
				04CA498C1D63FDA0004C2D7B /* SFE.app */,
			);
			name = Products;
			sourceTree = "<group>";
		};
		04CA498E1D63FDA0004C2D7B /* SFE */ = {
			isa = PBXGroup;
			children = (
				04CA49B51D645907004C2D7B /* Classes */,
				04CA499B1D63FDA1004C2D7B /* Assets.xcassets */,
				04CA499D1D63FDA1004C2D7B /* LaunchScreen.storyboard */,
				04CA49A01D63FDA1004C2D7B /* Info.plist */,
				04CA498F1D63FDA0004C2D7B /* Supporting Files */,
			);
			path = SFE;
			sourceTree = "<group>";
		};
		04CA498F1D63FDA0004C2D7B /* Supporting Files */ = {
			isa = PBXGroup;
			children = (
				04CA49901D63FDA0004C2D7B /* main.m */,
			);
			name = "Supporting Files";
			sourceTree = "<group>";
		};
		04CA49B51D645907004C2D7B /* Classes */ = {
			isa = PBXGroup;
			children = (
				04CA49F51D655AB5004C2D7B /* Register(注册) */,
				04CA49B61D645907004C2D7B /* Buy(购物) */,
				04CA49BC1D645907004C2D7B /* Class(分类) */,
				04CA49C21D645907004C2D7B /* Main(主要) */,
				04CA49C81D645907004C2D7B /* MyView(我) */,
				04CA49CE1D645907004C2D7B /* Other */,
				04CA49D11D645907004C2D7B /* Time(限时特卖) */,
			);
			path = Classes;
			sourceTree = "<group>";
		};
		04CA49B61D645907004C2D7B /* Buy(购物) */ = {
			isa = PBXGroup;
			children = (
				04CA49B71D645907004C2D7B /* Controller */,
				04CA49BA1D645907004C2D7B /* Model */,
				04CA49BB1D645907004C2D7B /* View */,
			);
			path = "Buy(购物)";
			sourceTree = "<group>";
		};
		04CA49B71D645907004C2D7B /* Controller */ = {
			isa = PBXGroup;
			children = (
				04CA49B81D645907004C2D7B /* SFBuyViewController.h */,
				04CA49B91D645907004C2D7B /* SFBuyViewController.m */,
			);
			path = Controller;
			sourceTree = "<group>";
		};
		04CA49BA1D645907004C2D7B /* Model */ = {
			isa = PBXGroup;
			children = (
			);
			path = Model;
			sourceTree = "<group>";
		};
		04CA49BB1D645907004C2D7B /* View */ = {
			isa = PBXGroup;
			children = (
			);
			path = View;
			sourceTree = "<group>";
		};
		04CA49BC1D645907004C2D7B /* Class(分类) */ = {
			isa = PBXGroup;
			children = (
				04CA49BD1D645907004C2D7B /* Controller */,
				04CA49C01D645907004C2D7B /* Model */,
				04CA49C11D645907004C2D7B /* View */,
			);
			path = "Class(分类)";
			sourceTree = "<group>";
		};
		04CA49BD1D645907004C2D7B /* Controller */ = {
			isa = PBXGroup;
			children = (
				04CA49BE1D645907004C2D7B /* SFClassViewController.h */,
				04CA49BF1D645907004C2D7B /* SFClassViewController.m */,
			);
			path = Controller;
			sourceTree = "<group>";
		};
		04CA49C01D645907004C2D7B /* Model */ = {
			isa = PBXGroup;
			children = (
			);
			path = Model;
			sourceTree = "<group>";
		};
		04CA49C11D645907004C2D7B /* View */ = {
			isa = PBXGroup;
			children = (
			);
			path = View;
			sourceTree = "<group>";
		};
		04CA49C21D645907004C2D7B /* Main(主要) */ = {
			isa = PBXGroup;
			children = (
				04CA49C31D645907004C2D7B /* Controller */,
				04CA49C61D645907004C2D7B /* Model */,
				04CA49C71D645907004C2D7B /* View */,
			);
			path = "Main(主要)";
			sourceTree = "<group>";
		};
		04CA49C31D645907004C2D7B /* Controller */ = {
			isa = PBXGroup;
			children = (
				04CA49DD1D647F4B004C2D7B /* SFTabBarController.h */,
				04CA49DE1D647F4B004C2D7B /* SFTabBarController.m */,
				04CA49E41D648B2F004C2D7B /* SFNavViewController.h */,
				04CA49E51D648B2F004C2D7B /* SFNavViewController.m */,
			);
			path = Controller;
			sourceTree = "<group>";
		};
		04CA49C61D645907004C2D7B /* Model */ = {
			isa = PBXGroup;
			children = (
			);
			path = Model;
			sourceTree = "<group>";
		};
		04CA49C71D645907004C2D7B /* View */ = {
			isa = PBXGroup;
			children = (
			);
			path = View;
			sourceTree = "<group>";
		};
		04CA49C81D645907004C2D7B /* MyView(我) */ = {
			isa = PBXGroup;
			children = (
				04CA49C91D645907004C2D7B /* Controller */,
				04CA49CC1D645907004C2D7B /* Model */,
				04CA49CD1D645907004C2D7B /* View */,
			);
			path = "MyView(我)";
			sourceTree = "<group>";
		};
		04CA49C91D645907004C2D7B /* Controller */ = {
			isa = PBXGroup;
			children = (
				04CA49CA1D645907004C2D7B /* SFMyViewController.h */,
				04CA49CB1D645907004C2D7B /* SFMyViewController.m */,
			);
			path = Controller;
			sourceTree = "<group>";
		};
		04CA49CC1D645907004C2D7B /* Model */ = {
			isa = PBXGroup;
			children = (
				04CA49EE1D64BC2E004C2D7B /* SFMyMessage.h */,
				04CA49EF1D64BC2E004C2D7B /* SFMyMessage.m */,
			);
			path = Model;
			sourceTree = "<group>";
		};
		04CA49CD1D645907004C2D7B /* View */ = {
			isa = PBXGroup;
			children = (
				04CA49EC1D64BC0B004C2D7B /* SFMyMessageTablePlist.plist */,
				04CA49E71D64AB2F004C2D7B /* SFMyTableViewCell.h */,
				04CA49E81D64AB2F004C2D7B /* SFMyTableViewCell.m */,
				04E738871D65B8EB007B44A8 /* SFMyHeaderView.h */,
				04E738881D65B8EB007B44A8 /* SFMyHeaderView.m */,
				04E7388A1D65BBE1007B44A8 /* SFMyTableView.h */,
				04E7388B1D65BBE1007B44A8 /* SFMyTableView.m */,
			);
			path = View;
			sourceTree = "<group>";
		};
		04CA49CE1D645907004C2D7B /* Other */ = {
			isa = PBXGroup;
			children = (
				04E738991D6750AD007B44A8 /* Tools */,
				04CA49E01D648696004C2D7B /* Category */,
				04CA49CF1D645907004C2D7B /* AppDelegate.h */,
				04CA49D01D645907004C2D7B /* AppDelegate.m */,
				04CA49F11D6541F4004C2D7B /* SFE.pch */,
			);
			path = Other;
			sourceTree = "<group>";
		};
		04CA49D11D645907004C2D7B /* Time(限时特卖) */ = {
			isa = PBXGroup;
			children = (
				04CA49D21D645907004C2D7B /* Controller */,
				04CA49D51D645907004C2D7B /* Model */,
				04CA49D61D645907004C2D7B /* View */,
			);
			path = "Time(限时特卖)";
			sourceTree = "<group>";
		};
		04CA49D21D645907004C2D7B /* Controller */ = {
			isa = PBXGroup;
			children = (
				04CA49D31D645907004C2D7B /* SFTimeViewController.h */,
				04CA49D41D645907004C2D7B /* SFTimeViewController.m */,
			);
			path = Controller;
			sourceTree = "<group>";
		};
		04CA49D51D645907004C2D7B /* Model */ = {
			isa = PBXGroup;
			children = (
			);
			path = Model;
			sourceTree = "<group>";
		};
		04CA49D61D645907004C2D7B /* View */ = {
			isa = PBXGroup;
			children = (
			);
			path = View;
			sourceTree = "<group>";
		};
		04CA49E01D648696004C2D7B /* Category */ = {
			isa = PBXGroup;
			children = (
				04CA49E11D6486CE004C2D7B /* UIImage+SFImage.h */,
				04CA49E21D6486CE004C2D7B /* UIImage+SFImage.m */,
			);
			path = Category;
			sourceTree = "<group>";
		};
		04CA49F51D655AB5004C2D7B /* Register(注册) */ = {
			isa = PBXGroup;
			children = (
				04CA49F61D655AB5004C2D7B /* Controller */,
				04CA49F71D655AB5004C2D7B /* Model */,
				04CA49F81D655AB5004C2D7B /* View */,
			);
			path = "Register(注册)";
			sourceTree = "<group>";
		};
		04CA49F61D655AB5004C2D7B /* Controller */ = {
			isa = PBXGroup;
			children = (
				04E7387E1D656308007B44A8 /* SFRegisterViewController.h */,
				04E7387F1D656308007B44A8 /* SFRegisterViewController.m */,
				04E738961D66A34E007B44A8 /* SFNextViewController.h */,
				04E738971D66A34E007B44A8 /* SFNextViewController.m */,
			);
			path = Controller;
			sourceTree = "<group>";
		};
		04CA49F71D655AB5004C2D7B /* Model */ = {
			isa = PBXGroup;
			children = (
			);
			path = Model;
			sourceTree = "<group>";
		};
		04CA49F81D655AB5004C2D7B /* View */ = {
			isa = PBXGroup;
			children = (
				04E7388D1D65DB8B007B44A8 /* SFInputView.h */,
				04E7388E1D65DB8B007B44A8 /* SFInputView.m */,
				04E738901D65EC2E007B44A8 /* SFThirdLoginView.h */,
				04E738911D65EC2E007B44A8 /* SFThirdLoginView.m */,
				04E738931D66A045007B44A8 /* SFNextView.h */,
				04E738941D66A045007B44A8 /* SFNextView.m */,
			);
			path = View;
			sourceTree = "<group>";
		};
		04E738991D6750AD007B44A8 /* Tools */ = {
			isa = PBXGroup;
			children = (
				04E738A21D68026C007B44A8 /* Toast */,
				04E7389E1D675E95007B44A8 /* SFSDWebImage */,
				04E7389A1D6750AD007B44A8 /* SecondAFNetworking */,
			);
			path = Tools;
			sourceTree = "<group>";
		};
		04E7389A1D6750AD007B44A8 /* SecondAFNetworking */ = {
			isa = PBXGroup;
			children = (
				04E7389B1D6750AD007B44A8 /* SFHttpTools.h */,
				04E7389C1D6750AD007B44A8 /* SFHttpTools.m */,
			);
			path = SecondAFNetworking;
			sourceTree = "<group>";
		};
		04E7389E1D675E95007B44A8 /* SFSDWebImage */ = {
			isa = PBXGroup;
			children = (
				04E7389F1D675E95007B44A8 /* UIImageView+SFSDWebImage.h */,
				04E738A01D675E95007B44A8 /* UIImageView+SFSDWebImage.m */,
			);
			path = SFSDWebImage;
			sourceTree = "<group>";
		};
		04E738A21D68026C007B44A8 /* Toast */ = {
			isa = PBXGroup;
			children = (
				04E738A31D68026C007B44A8 /* UIView+Toast.h */,
				04E738A41D68026C007B44A8 /* UIView+Toast.m */,
			);
			path = Toast;
			sourceTree = "<group>";
		};
		24F10D12B1BCFA804FFE726C /* Frameworks */ = {
			isa = PBXGroup;
			children = (
				15C360D450EA8ACE99010644 /* libPods-SFE.a */,
			);
			name = Frameworks;
			sourceTree = "<group>";
		};
		A3C6971BA9106236444115B9 /* Pods */ = {
			isa = PBXGroup;
			children = (
				11C72C6E2E6BCD3BFB13C672 /* Pods-SFE.debug.xcconfig */,
				B710F88F05F440985EC7CFC1 /* Pods-SFE.release.xcconfig */,
			);
			name = Pods;
			sourceTree = "<group>";
		};
/* End PBXGroup section */

/* Begin PBXNativeTarget section */
		04CA498B1D63FDA0004C2D7B /* SFE */ = {
			isa = PBXNativeTarget;
			buildConfigurationList = 04CA49A31D63FDA1004C2D7B /* Build configuration list for PBXNativeTarget "SFE" */;
			buildPhases = (
				A832F308600EDDA2FF13716D /* [CP] Check Pods Manifest.lock */,
				04CA49881D63FDA0004C2D7B /* Sources */,
				04CA49891D63FDA0004C2D7B /* Frameworks */,
				04CA498A1D63FDA0004C2D7B /* Resources */,
				4BDAC6E89B579187776EDAD4 /* [CP] Embed Pods Frameworks */,
				2965E599FD8739873DA2597B /* [CP] Copy Pods Resources */,
			);
			buildRules = (
			);
			dependencies = (
			);
			name = SFE;
			productName = SFE;
			productReference = 04CA498C1D63FDA0004C2D7B /* SFE.app */;
			productType = "com.apple.product-type.application";
		};
/* End PBXNativeTarget section */

/* Begin PBXProject section */
		04CA49841D63FDA0004C2D7B /* Project object */ = {
			isa = PBXProject;
			attributes = {
				CLASSPREFIX = SF;
				LastUpgradeCheck = 0730;
				ORGANIZATIONNAME = shifei;
				TargetAttributes = {
					04CA498B1D63FDA0004C2D7B = {
						CreatedOnToolsVersion = 7.3.1;
					};
				};
			};
			buildConfigurationList = 04CA49871D63FDA0004C2D7B /* Build configuration list for PBXProject "SFE" */;
			compatibilityVersion = "Xcode 3.2";
			developmentRegion = English;
			hasScannedForEncodings = 0;
			knownRegions = (
				en,
				Base,
			);
			mainGroup = 04CA49831D63FDA0004C2D7B;
			productRefGroup = 04CA498D1D63FDA0004C2D7B /* Products */;
			projectDirPath = "";
			projectRoot = "";
			targets = (
				04CA498B1D63FDA0004C2D7B /* SFE */,
			);
		};
/* End PBXProject section */

/* Begin PBXResourcesBuildPhase section */
		04CA498A1D63FDA0004C2D7B /* Resources */ = {
			isa = PBXResourcesBuildPhase;
			buildActionMask = 2147483647;
			files = (
				04CA499F1D63FDA1004C2D7B /* LaunchScreen.storyboard in Resources */,
				04CA499C1D63FDA1004C2D7B /* Assets.xcassets in Resources */,
				04CA49ED1D64BC0B004C2D7B /* SFMyMessageTablePlist.plist in Resources */,
			);
			runOnlyForDeploymentPostprocessing = 0;
		};
/* End PBXResourcesBuildPhase section */

/* Begin PBXShellScriptBuildPhase section */
		2965E599FD8739873DA2597B /* [CP] Copy Pods Resources */ = {
			isa = PBXShellScriptBuildPhase;
			buildActionMask = 2147483647;
			files = (
			);
			inputPaths = (
			);
			name = "[CP] Copy Pods Resources";
			outputPaths = (
			);
			runOnlyForDeploymentPostprocessing = 0;
			shellPath = /bin/sh;
			shellScript = "\"${SRCROOT}/Pods/Target Support Files/Pods-SFE/Pods-SFE-resources.sh\"\n";
			showEnvVarsInLog = 0;
		};
		4BDAC6E89B579187776EDAD4 /* [CP] Embed Pods Frameworks */ = {
			isa = PBXShellScriptBuildPhase;
			buildActionMask = 2147483647;
			files = (
			);
			inputPaths = (
			);
			name = "[CP] Embed Pods Frameworks";
			outputPaths = (
			);
			runOnlyForDeploymentPostprocessing = 0;
			shellPath = /bin/sh;
			shellScript = "\"${SRCROOT}/Pods/Target Support Files/Pods-SFE/Pods-SFE-frameworks.sh\"\n";
			showEnvVarsInLog = 0;
		};
		A832F308600EDDA2FF13716D /* [CP] Check Pods Manifest.lock */ = {
			isa = PBXShellScriptBuildPhase;
			buildActionMask = 2147483647;
			files = (
			);
			inputPaths = (
			);
			name = "[CP] Check Pods Manifest.lock";
			outputPaths = (
			);
			runOnlyForDeploymentPostprocessing = 0;
			shellPath = /bin/sh;
			shellScript = "diff \"${PODS_ROOT}/../Podfile.lock\" \"${PODS_ROOT}/Manifest.lock\" > /dev/null\nif [[ $? != 0 ]] ; then\n    cat << EOM\nerror: The sandbox is not in sync with the Podfile.lock. Run 'pod install' or update your CocoaPods installation.\nEOM\n    exit 1\nfi\n";
			showEnvVarsInLog = 0;
		};
/* End PBXShellScriptBuildPhase section */

/* Begin PBXSourcesBuildPhase section */
		04CA49881D63FDA0004C2D7B /* Sources */ = {
			isa = PBXSourcesBuildPhase;
			buildActionMask = 2147483647;
			files = (
				04E738891D65B8EB007B44A8 /* SFMyHeaderView.m in Sources */,
				04CA49D81D645907004C2D7B /* SFClassViewController.m in Sources */,
				04CA49DB1D645907004C2D7B /* AppDelegate.m in Sources */,
				04CA49D71D645907004C2D7B /* SFBuyViewController.m in Sources */,
				04CA49DC1D645907004C2D7B /* SFTimeViewController.m in Sources */,
				04E738A11D675E95007B44A8 /* UIImageView+SFSDWebImage.m in Sources */,
				04E738921D65EC2E007B44A8 /* SFThirdLoginView.m in Sources */,
				04CA49E31D6486CE004C2D7B /* UIImage+SFImage.m in Sources */,
				04CA49911D63FDA0004C2D7B /* main.m in Sources */,
				04CA49E91D64AB2F004C2D7B /* SFMyTableViewCell.m in Sources */,
				04CA49DA1D645907004C2D7B /* SFMyViewController.m in Sources */,
				04CA49F01D64BC2E004C2D7B /* SFMyMessage.m in Sources */,
				04E738951D66A045007B44A8 /* SFNextView.m in Sources */,
				04E738981D66A34E007B44A8 /* SFNextViewController.m in Sources */,
				04CA49E61D648B2F004C2D7B /* SFNavViewController.m in Sources */,
				04E7388F1D65DB8B007B44A8 /* SFInputView.m in Sources */,
				04E7389D1D6750AD007B44A8 /* SFHttpTools.m in Sources */,
				04E738801D656308007B44A8 /* SFRegisterViewController.m in Sources */,
				04E738A51D68026C007B44A8 /* UIView+Toast.m in Sources */,
				04E7388C1D65BBE1007B44A8 /* SFMyTableView.m in Sources */,
				04CA49DF1D647F4B004C2D7B /* SFTabBarController.m in Sources */,
			);
			runOnlyForDeploymentPostprocessing = 0;
		};
/* End PBXSourcesBuildPhase section */

/* Begin PBXVariantGroup section */
		04CA499D1D63FDA1004C2D7B /* LaunchScreen.storyboard */ = {
			isa = PBXVariantGroup;
			children = (
				04CA499E1D63FDA1004C2D7B /* Base */,
			);
			name = LaunchScreen.storyboard;
			sourceTree = "<group>";
		};
/* End PBXVariantGroup section */

/* Begin XCBuildConfiguration section */
		04CA49A11D63FDA1004C2D7B /* Debug */ = {
			isa = XCBuildConfiguration;
			buildSettings = {
				ALWAYS_SEARCH_USER_PATHS = NO;
				CLANG_ANALYZER_NONNULL = YES;
				CLANG_CXX_LANGUAGE_STANDARD = "gnu++0x";
				CLANG_CXX_LIBRARY = "libc++";
				CLANG_ENABLE_MODULES = YES;
				CLANG_ENABLE_OBJC_ARC = YES;
				CLANG_WARN_BOOL_CONVERSION = YES;
				CLANG_WARN_CONSTANT_CONVERSION = YES;
				CLANG_WARN_DIRECT_OBJC_ISA_USAGE = YES_ERROR;
				CLANG_WARN_EMPTY_BODY = YES;
				CLANG_WARN_ENUM_CONVERSION = YES;
				CLANG_WARN_INT_CONVERSION = YES;
				CLANG_WARN_OBJC_ROOT_CLASS = YES_ERROR;
				CLANG_WARN_UNREACHABLE_CODE = YES;
				CLANG_WARN__DUPLICATE_METHOD_MATCH = YES;
				"CODE_SIGN_IDENTITY[sdk=iphoneos*]" = "iPhone Developer";
				COPY_PHASE_STRIP = NO;
				DEBUG_INFORMATION_FORMAT = dwarf;
				ENABLE_STRICT_OBJC_MSGSEND = YES;
				ENABLE_TESTABILITY = YES;
				GCC_C_LANGUAGE_STANDARD = gnu99;
				GCC_DYNAMIC_NO_PIC = NO;
				GCC_NO_COMMON_BLOCKS = YES;
				GCC_OPTIMIZATION_LEVEL = 0;
				GCC_PREPROCESSOR_DEFINITIONS = (
					"DEBUG=1",
					"$(inherited)",
				);
				GCC_WARN_64_TO_32_BIT_CONVERSION = YES;
				GCC_WARN_ABOUT_RETURN_TYPE = YES_ERROR;
				GCC_WARN_UNDECLARED_SELECTOR = YES;
				GCC_WARN_UNINITIALIZED_AUTOS = YES_AGGRESSIVE;
				GCC_WARN_UNUSED_FUNCTION = YES;
				GCC_WARN_UNUSED_VARIABLE = YES;
				IPHONEOS_DEPLOYMENT_TARGET = 9.3;
				MTL_ENABLE_DEBUG_INFO = YES;
				ONLY_ACTIVE_ARCH = YES;
				SDKROOT = iphoneos;
			};
			name = Debug;
		};
		04CA49A21D63FDA1004C2D7B /* Release */ = {
			isa = XCBuildConfiguration;
			buildSettings = {
				ALWAYS_SEARCH_USER_PATHS = NO;
				CLANG_ANALYZER_NONNULL = YES;
				CLANG_CXX_LANGUAGE_STANDARD = "gnu++0x";
				CLANG_CXX_LIBRARY = "libc++";
				CLANG_ENABLE_MODULES = YES;
				CLANG_ENABLE_OBJC_ARC = YES;
				CLANG_WARN_BOOL_CONVERSION = YES;
				CLANG_WARN_CONSTANT_CONVERSION = YES;
				CLANG_WARN_DIRECT_OBJC_ISA_USAGE = YES_ERROR;
				CLANG_WARN_EMPTY_BODY = YES;
				CLANG_WARN_ENUM_CONVERSION = YES;
				CLANG_WARN_INT_CONVERSION = YES;
				CLANG_WARN_OBJC_ROOT_CLASS = YES_ERROR;
				CLANG_WARN_UNREACHABLE_CODE = YES;
				CLANG_WARN__DUPLICATE_METHOD_MATCH = YES;
				"CODE_SIGN_IDENTITY[sdk=iphoneos*]" = "iPhone Developer";
				COPY_PHASE_STRIP = NO;
				DEBUG_INFORMATION_FORMAT = "dwarf-with-dsym";
				ENABLE_NS_ASSERTIONS = NO;
				ENABLE_STRICT_OBJC_MSGSEND = YES;
				GCC_C_LANGUAGE_STANDARD = gnu99;
				GCC_NO_COMMON_BLOCKS = YES;
				GCC_WARN_64_TO_32_BIT_CONVERSION = YES;
				GCC_WARN_ABOUT_RETURN_TYPE = YES_ERROR;
				GCC_WARN_UNDECLARED_SELECTOR = YES;
				GCC_WARN_UNINITIALIZED_AUTOS = YES_AGGRESSIVE;
				GCC_WARN_UNUSED_FUNCTION = YES;
				GCC_WARN_UNUSED_VARIABLE = YES;
				IPHONEOS_DEPLOYMENT_TARGET = 9.3;
				MTL_ENABLE_DEBUG_INFO = NO;
				SDKROOT = iphoneos;
				VALIDATE_PRODUCT = YES;
			};
			name = Release;
		};
		04CA49A41D63FDA1004C2D7B /* Debug */ = {
			isa = XCBuildConfiguration;
			baseConfigurationReference = 11C72C6E2E6BCD3BFB13C672 /* Pods-SFE.debug.xcconfig */;
			buildSettings = {
				ASSETCATALOG_COMPILER_APPICON_NAME = AppIcon;
				ASSETCATALOG_COMPILER_LAUNCHIMAGE_NAME = "Brand Assets";
				GCC_PRECOMPILE_PREFIX_HEADER = YES;
				GCC_PREFIX_HEADER = SFE/Classes/Other/SFE.pch;
				INFOPLIST_FILE = SFE/Info.plist;
				IPHONEOS_DEPLOYMENT_TARGET = 8.0;
				LD_RUNPATH_SEARCH_PATHS = "$(inherited) @executable_path/Frameworks";
				PRODUCT_BUNDLE_IDENTIFIER = com.bjsxt.SFE;
				PRODUCT_NAME = "$(TARGET_NAME)";
			};
			name = Debug;
		};
		04CA49A51D63FDA1004C2D7B /* Release */ = {
			isa = XCBuildConfiguration;
			baseConfigurationReference = B710F88F05F440985EC7CFC1 /* Pods-SFE.release.xcconfig */;
			buildSettings = {
				ASSETCATALOG_COMPILER_APPICON_NAME = AppIcon;
				ASSETCATALOG_COMPILER_LAUNCHIMAGE_NAME = "Brand Assets";
				GCC_PRECOMPILE_PREFIX_HEADER = YES;
				GCC_PREFIX_HEADER = SFE/Classes/Other/SFE.pch;
				INFOPLIST_FILE = SFE/Info.plist;
				IPHONEOS_DEPLOYMENT_TARGET = 8.0;
				LD_RUNPATH_SEARCH_PATHS = "$(inherited) @executable_path/Frameworks";
				PRODUCT_BUNDLE_IDENTIFIER = com.bjsxt.SFE;
				PRODUCT_NAME = "$(TARGET_NAME)";
			};
			name = Release;
		};
/* End XCBuildConfiguration section */

/* Begin XCConfigurationList section */
		04CA49871D63FDA0004C2D7B /* Build configuration list for PBXProject "SFE" */ = {
			isa = XCConfigurationList;
			buildConfigurations = (
				04CA49A11D63FDA1004C2D7B /* Debug */,
				04CA49A21D63FDA1004C2D7B /* Release */,
			);
			defaultConfigurationIsVisible = 0;
			defaultConfigurationName = Release;
		};
		04CA49A31D63FDA1004C2D7B /* Build configuration list for PBXNativeTarget "SFE" */ = {
			isa = XCConfigurationList;
			buildConfigurations = (
				04CA49A41D63FDA1004C2D7B /* Debug */,
				04CA49A51D63FDA1004C2D7B /* Release */,
			);
			defaultConfigurationIsVisible = 0;
			defaultConfigurationName = Release;
		};
/* End XCConfigurationList section */
	};
	rootObject = 04CA49841D63FDA0004C2D7B /* Project object */;
}
